
Microsoft Visual Studio Solution File, Format Version 12.00
# Visual Studio 14
VisualStudioVersion = 14.0.24720.0
MinimumVisualStudioVersion = 10.0.40219.1
Project("{F184B08F-C81C-45F6-A57F-5ABD9991F28F}") = "Lercher.Delphi.Common", "Lercher.Delphi.Common\Lercher.Delphi.Common.vbproj", "{64453A3B-1C98-4FCC-ADDE-39178615E589}"
EndProject
Project("{F184B08F-C81C-45F6-A57F-5ABD9991F28F}") = "Lercher.Delphi.ServiceConsole", "Lercher.Delphi.ServiceConsole\Lercher.Delphi.ServiceConsole.vbproj", "{80E5EBFB-0085-4E21-AADC-33585788B1A8}"
EndProject
Project("{2150E333-8FDC-42A3-9474-1A3956D46DE8}") = "Solution Items", "Solution Items", "{920F7265-29A0-4FE4-BBB9-D201023821CE}"
	ProjectSection(SolutionItems) = preProject
		.gitattributes = .gitattributes
		.gitignore = .gitignore
		README.md = README.md
	EndProjectSection
EndProject
Global
	GlobalSection(SolutionConfigurationPlatforms) = preSolution
		Debug|Any CPU = Debug|Any CPU
		Release|Any CPU = Release|Any CPU
	EndGlobalSection
	GlobalSection(ProjectConfigurationPlatforms) = postSolution
		{64453A3B-1C98-4FCC-ADDE-39178615E589}.Debug|Any CPU.ActiveCfg = Debug|Any CPU
		{64453A3B-1C98-4FCC-ADDE-39178615E589}.Debug|Any CPU.Build.0 = Debug|Any CPU
		{64453A3B-1C98-4FCC-ADDE-39178615E589}.Release|Any CPU.ActiveCfg = Release|Any CPU
		{64453A3B-1C98-4FCC-ADDE-39178615E589}.Release|Any CPU.Build.0 = Release|Any CPU
		{80E5EBFB-0085-4E21-AADC-33585788B1A8}.Debug|Any CPU.ActiveCfg = Debug|Any CPU
		{80E5EBFB-0085-4E21-AADC-33585788B1A8}.Debug|Any CPU.Build.0 = Debug|Any CPU
		{80E5EBFB-0085-4E21-AADC-33585788B1A8}.Release|Any CPU.ActiveCfg = Release|Any CPU
		{80E5EBFB-0085-4E21-AADC-33585788B1A8}.Release|Any CPU.Build.0 = Release|Any CPU
	EndGlobalSection
	GlobalSection(SolutionProperties) = preSolution
		HideSolutionNode = FALSE
	EndGlobalSection
EndGlobal
